{
  "name": "@openai/adom",
  "version": "0.0.0-dev",
  "lockfileVersion": 3,
  "packages": {
    "": {
      "name": "@openai/adom",
      "version": "0.0.0-dev",
      "license": "Apache-2.0",
      "bin": {
        "adom": "bin/adom.js"
      },
      "engines": {
        "node": ">=16"
      }
    }
  }
}
